{
  "name": "npm",
  "version": "1.0.0",
  "lockfileVersion": 1,
  "requires": true,
  "dependencies": {
    "validator": {
      "version": "13.5.2",
      "resolved": "https://artifactory.rd2.thingworx.io/artifactory/api/npm/twx-npm-virtual/validator/-/validator-13.5.2.tgz",
      "integrity": "sha1-yXrmPtQiSZn7b0LJHqypVn/mmkY="
    }
  }
}
